Microsoft Visual Studio Solution File, Format Version 12.00
# Visual Studio Version 16
VisualStudioVersion = 16.0.30717.126
MinimumVisualStudioVersion = 10.0.40219.1
Project("{2150E333-8FDC-42A3-9474-1A3956D46DE8}") = "libs", "libs", "{6E5BF389-3D3F-4D74-9DD0-3B199CB529C5}"
	ProjectSection(SolutionItems) = preProject
		src\libs\Directory.Build.props = src\libs\Directory.Build.props
	EndProjectSection
EndProject
Project("{2150E333-8FDC-42A3-9474-1A3956D46DE8}") = "tests", "tests", "{9CAA231D-7BE1-46C9-ACD6-EB2E569CEBEA}"
	ProjectSection(SolutionItems) = preProject
		src\tests\Directory.Build.props = src\tests\Directory.Build.props
	EndProjectSection
EndProject
Project("{2150E333-8FDC-42A3-9474-1A3956D46DE8}") = "Solution Items", "Solution Items", "{94FE90BF-FA05-46C6-A207-6E454A236659}"
	ProjectSection(SolutionItems) = preProject
		.gitignore = .gitignore
		src\Directory.Build.props = src\Directory.Build.props
		.github\workflows\dotnet.yml = .github\workflows\dotnet.yml
		LICENSE = LICENSE
		README.md = README.md
	EndProjectSection
EndProject
Project("{9A19103F-16F7-4668-BE54-9A1E7A4F7556}") = "H.Runners.CSharpRunner", "src\libs\H.Runners.CSharpRunner\H.Runners.CSharpRunner.csproj", "{5C34693C-8F4C-4124-947E-3C37F41C30A8}"
EndProject
Project("{9A19103F-16F7-4668-BE54-9A1E7A4F7556}") = "H.Runners.DLinkRunner", "src\libs\H.Runners.DLinkRunner\H.Runners.DLinkRunner.csproj", "{9D6339F0-66BA-437A-9BD5-699A14E7BC24}"
EndProject
Project("{9A19103F-16F7-4668-BE54-9A1E7A4F7556}") = "H.Runners.TelegramRunner", "src\libs\H.Runners.TelegramRunner\H.Runners.TelegramRunner.csproj", "{1716CF00-7007-406B-8DFE-B1EC7AAA588C}"
EndProject
Project("{9A19103F-16F7-4668-BE54-9A1E7A4F7556}") = "H.Runners.TorrentRunner", "src\libs\H.Runners.TorrentRunner\H.Runners.TorrentRunner.csproj", "{C3DEC3B1-8D33-4037-982E-72C2CD713E80}"
EndProject
Project("{9A19103F-16F7-4668-BE54-9A1E7A4F7556}") = "H.Runners.TelegramRunner.IntegrationTests", "src\tests\H.Runners.TelegramRunner.IntegrationTests\H.Runners.TelegramRunner.IntegrationTests.csproj", "{7F177E7B-0757-4BAF-9D81-0E84AD7C7B80}"
EndProject
Project("{9A19103F-16F7-4668-BE54-9A1E7A4F7556}") = "H.Runners.TorrentRunner.IntegrationTests", "src\tests\H.Runners.TorrentRunner.IntegrationTests\H.Runners.TorrentRunner.IntegrationTests.csproj", "{1644EC89-7538-4958-8A82-9EFF5B638185}"
EndProject
Project("{9A19103F-16F7-4668-BE54-9A1E7A4F7556}") = "H.Runners.SelectRunner", "src\libs\H.Runners.SelectRunner\H.Runners.SelectRunner.csproj", "{B65DD71C-4A97-44BF-96F0-E6AB7C16E238}"
EndProject
Project("{9A19103F-16F7-4668-BE54-9A1E7A4F7556}") = "H.Runners.SelectRunner.IntegrationTests", "src\tests\H.Runners.SelectRunner.IntegrationTests\H.Runners.SelectRunner.IntegrationTests.csproj", "{51FE4411-9716-4429-967D-E7E039D344C6}"
EndProject
Project("{9A19103F-16F7-4668-BE54-9A1E7A4F7556}") = "H.Runners.OcrRunner", "src\libs\H.Runners.OcrRunner\H.Runners.OcrRunner.csproj", "{04CE73F0-F11B-4955-91BB-842E0EB3AA33}"
EndProject
Project("{9A19103F-16F7-4668-BE54-9A1E7A4F7556}") = "H.Runners.ScreenshotRunner", "src\libs\H.Runners.ScreenshotRunner\H.Runners.ScreenshotRunner.csproj", "{BD5FB7C4-FF62-4CD8-A523-7ADCCEA36663}"
EndProject
Project("{9A19103F-16F7-4668-BE54-9A1E7A4F7556}") = "H.Runners.ClipboardRunner", "src\libs\H.Runners.ClipboardRunner\H.Runners.ClipboardRunner.csproj", "{C83B4872-6FB5-4344-B8E5-D1756D362D57}"
EndProject
Project("{9A19103F-16F7-4668-BE54-9A1E7A4F7556}") = "H.Runners.InteropRunner", "src\libs\H.Runners.InteropRunner\H.Runners.InteropRunner.csproj", "{6063F5A5-481A-4FB8-B47F-812628684E5B}"
EndProject
Project("{9A19103F-16F7-4668-BE54-9A1E7A4F7556}") = "H.Runners.CommonRunners", "src\libs\H.Runners.CommonRunners\H.Runners.CommonRunners.csproj", "{4D260C37-E137-4107-8CE0-47D634442EAB}"
EndProject
Global
	GlobalSection(SolutionConfigurationPlatforms) = preSolution
		Debug|Any CPU = Debug|Any CPU
		Release|Any CPU = Release|Any CPU
	EndGlobalSection
	GlobalSection(ProjectConfigurationPlatforms) = postSolution
		{5C34693C-8F4C-4124-947E-3C37F41C30A8}.Debug|Any CPU.ActiveCfg = Debug|Any CPU
		{5C34693C-8F4C-4124-947E-3C37F41C30A8}.Debug|Any CPU.Build.0 = Debug|Any CPU
		{5C34693C-8F4C-4124-947E-3C37F41C30A8}.Release|Any CPU.ActiveCfg = Release|Any CPU
		{5C34693C-8F4C-4124-947E-3C37F41C30A8}.Release|Any CPU.Build.0 = Release|Any CPU
		{9D6339F0-66BA-437A-9BD5-699A14E7BC24}.Debug|Any CPU.ActiveCfg = Debug|Any CPU
		{9D6339F0-66BA-437A-9BD5-699A14E7BC24}.Debug|Any CPU.Build.0 = Debug|Any CPU
		{9D6339F0-66BA-437A-9BD5-699A14E7BC24}.Release|Any CPU.ActiveCfg = Release|Any CPU
		{9D6339F0-66BA-437A-9BD5-699A14E7BC24}.Release|Any CPU.Build.0 = Release|Any CPU
		{1716CF00-7007-406B-8DFE-B1EC7AAA588C}.Debug|Any CPU.ActiveCfg = Debug|Any CPU
		{1716CF00-7007-406B-8DFE-B1EC7AAA588C}.Debug|Any CPU.Build.0 = Debug|Any CPU
		{1716CF00-7007-406B-8DFE-B1EC7AAA588C}.Release|Any CPU.ActiveCfg = Release|Any CPU
		{1716CF00-7007-406B-8DFE-B1EC7AAA588C}.Release|Any CPU.Build.0 = Release|Any CPU
		{C3DEC3B1-8D33-4037-982E-72C2CD713E80}.Debug|Any CPU.ActiveCfg = Debug|Any CPU
		{C3DEC3B1-8D33-4037-982E-72C2CD713E80}.Debug|Any CPU.Build.0 = Debug|Any CPU
		{C3DEC3B1-8D33-4037-982E-72C2CD713E80}.Release|Any CPU.ActiveCfg = Release|Any CPU
		{C3DEC3B1-8D33-4037-982E-72C2CD713E80}.Release|Any CPU.Build.0 = Release|Any CPU
		{7F177E7B-0757-4BAF-9D81-0E84AD7C7B80}.Debug|Any CPU.ActiveCfg = Debug|Any CPU
		{7F177E7B-0757-4BAF-9D81-0E84AD7C7B80}.Debug|Any CPU.Build.0 = Debug|Any CPU
		{7F177E7B-0757-4BAF-9D81-0E84AD7C7B80}.Release|Any CPU.ActiveCfg = Release|Any CPU
		{7F177E7B-0757-4BAF-9D81-0E84AD7C7B80}.Release|Any CPU.Build.0 = Release|Any CPU
		{1644EC89-7538-4958-8A82-9EFF5B638185}.Debug|Any CPU.ActiveCfg = Debug|Any CPU
		{1644EC89-7538-4958-8A82-9EFF5B638185}.Debug|Any CPU.Build.0 = Debug|Any CPU
		{1644EC89-7538-4958-8A82-9EFF5B638185}.Release|Any CPU.ActiveCfg = Release|Any CPU
		{1644EC89-7538-4958-8A82-9EFF5B638185}.Release|Any CPU.Build.0 = Release|Any CPU
		{B65DD71C-4A97-44BF-96F0-E6AB7C16E238}.Debug|Any CPU.ActiveCfg = Debug|Any CPU
		{B65DD71C-4A97-44BF-96F0-E6AB7C16E238}.Debug|Any CPU.Build.0 = Debug|Any CPU
		{B65DD71C-4A97-44BF-96F0-E6AB7C16E238}.Release|Any CPU.ActiveCfg = Release|Any CPU
		{B65DD71C-4A97-44BF-96F0-E6AB7C16E238}.Release|Any CPU.Build.0 = Release|Any CPU
		{51FE4411-9716-4429-967D-E7E039D344C6}.Debug|Any CPU.ActiveCfg = Debug|Any CPU
		{51FE4411-9716-4429-967D-E7E039D344C6}.Debug|Any CPU.Build.0 = Debug|Any CPU
		{51FE4411-9716-4429-967D-E7E039D344C6}.Release|Any CPU.ActiveCfg = Release|Any CPU
		{51FE4411-9716-4429-967D-E7E039D344C6}.Release|Any CPU.Build.0 = Release|Any CPU
		{04CE73F0-F11B-4955-91BB-842E0EB3AA33}.Debug|Any CPU.ActiveCfg = Debug|Any CPU
		{04CE73F0-F11B-4955-91BB-842E0EB3AA33}.Debug|Any CPU.Build.0 = Debug|Any CPU
		{04CE73F0-F11B-4955-91BB-842E0EB3AA33}.Release|Any CPU.ActiveCfg = Release|Any CPU
		{04CE73F0-F11B-4955-91BB-842E0EB3AA33}.Release|Any CPU.Build.0 = Release|Any CPU
		{BD5FB7C4-FF62-4CD8-A523-7ADCCEA36663}.Debug|Any CPU.ActiveCfg = Debug|Any CPU
		{BD5FB7C4-FF62-4CD8-A523-7ADCCEA36663}.Debug|Any CPU.Build.0 = Debug|Any CPU
		{BD5FB7C4-FF62-4CD8-A523-7ADCCEA36663}.Release|Any CPU.ActiveCfg = Release|Any CPU
		{BD5FB7C4-FF62-4CD8-A523-7ADCCEA36663}.Release|Any CPU.Build.0 = Release|Any CPU
		{C83B4872-6FB5-4344-B8E5-D1756D362D57}.Debug|Any CPU.ActiveCfg = Debug|Any CPU
		{C83B4872-6FB5-4344-B8E5-D1756D362D57}.Debug|Any CPU.Build.0 = Debug|Any CPU
		{C83B4872-6FB5-4344-B8E5-D1756D362D57}.Release|Any CPU.ActiveCfg = Release|Any CPU
		{C83B4872-6FB5-4344-B8E5-D1756D362D57}.Release|Any CPU.Build.0 = Release|Any CPU
		{6063F5A5-481A-4FB8-B47F-812628684E5B}.Debug|Any CPU.ActiveCfg = Debug|Any CPU
		{6063F5A5-481A-4FB8-B47F-812628684E5B}.Debug|Any CPU.Build.0 = Debug|Any CPU
		{6063F5A5-481A-4FB8-B47F-812628684E5B}.Release|Any CPU.ActiveCfg = Release|Any CPU
		{6063F5A5-481A-4FB8-B47F-812628684E5B}.Release|Any CPU.Build.0 = Release|Any CPU
		{4D260C37-E137-4107-8CE0-47D634442EAB}.Debug|Any CPU.ActiveCfg = Debug|Any CPU
		{4D260C37-E137-4107-8CE0-47D634442EAB}.Debug|Any CPU.Build.0 = Debug|Any CPU
		{4D260C37-E137-4107-8CE0-47D634442EAB}.Release|Any CPU.ActiveCfg = Release|Any CPU
		{4D260C37-E137-4107-8CE0-47D634442EAB}.Release|Any CPU.Build.0 = Release|Any CPU
	EndGlobalSection
	GlobalSection(SolutionProperties) = preSolution
		HideSolutionNode = FALSE
	EndGlobalSection
	GlobalSection(NestedProjects) = preSolution
		{5C34693C-8F4C-4124-947E-3C37F41C30A8} = {6E5BF389-3D3F-4D74-9DD0-3B199CB529C5}
		{9D6339F0-66BA-437A-9BD5-699A14E7BC24} = {6E5BF389-3D3F-4D74-9DD0-3B199CB529C5}
		{1716CF00-7007-406B-8DFE-B1EC7AAA588C} = {6E5BF389-3D3F-4D74-9DD0-3B199CB529C5}
		{C3DEC3B1-8D33-4037-982E-72C2CD713E80} = {6E5BF389-3D3F-4D74-9DD0-3B199CB529C5}
		{7F177E7B-0757-4BAF-9D81-0E84AD7C7B80} = {9CAA231D-7BE1-46C9-ACD6-EB2E569CEBEA}
		{1644EC89-7538-4958-8A82-9EFF5B638185} = {9CAA231D-7BE1-46C9-ACD6-EB2E569CEBEA}
		{B65DD71C-4A97-44BF-96F0-E6AB7C16E238} = {6E5BF389-3D3F-4D74-9DD0-3B199CB529C5}
		{51FE4411-9716-4429-967D-E7E039D344C6} = {9CAA231D-7BE1-46C9-ACD6-EB2E569CEBEA}
		{04CE73F0-F11B-4955-91BB-842E0EB3AA33} = {6E5BF389-3D3F-4D74-9DD0-3B199CB529C5}
		{BD5FB7C4-FF62-4CD8-A523-7ADCCEA36663} = {6E5BF389-3D3F-4D74-9DD0-3B199CB529C5}
		{C83B4872-6FB5-4344-B8E5-D1756D362D57} = {6E5BF389-3D3F-4D74-9DD0-3B199CB529C5}
		{6063F5A5-481A-4FB8-B47F-812628684E5B} = {6E5BF389-3D3F-4D74-9DD0-3B199CB529C5}
		{4D260C37-E137-4107-8CE0-47D634442EAB} = {6E5BF389-3D3F-4D74-9DD0-3B199CB529C5}
	EndGlobalSection
	GlobalSection(ExtensibilityGlobals) = postSolution
		SolutionGuid = {1493AEE4-9211-46E9-BFE6-8F629EAC5693}
	EndGlobalSection
EndGlobal
